
Microsoft Visual Studio Solution File, Format Version 12.00
# Visual Studio 15
VisualStudioVersion = 15.0.28307.1000
MinimumVisualStudioVersion = 10.0.40219.1
Project("{930C7802-8A8C-48F9-8165-68863BCCD9DD}") = "SetupProject", "SetupProject\SetupProject.wixproj", "{FDECBB65-16F4-4DA8-8E23-3ECB2D33372A}"
EndProject
Global
	GlobalSection(SolutionConfigurationPlatforms) = preSolution
		Debug|x86 = Debug|x86
		Release|x86 = Release|x86
	EndGlobalSection
	GlobalSection(ProjectConfigurationPlatforms) = postSolution
		{FDECBB65-16F4-4DA8-8E23-3ECB2D33372A}.Debug|x86.ActiveCfg = Debug|x86
		{FDECBB65-16F4-4DA8-8E23-3ECB2D33372A}.Debug|x86.Build.0 = Debug|x86
		{FDECBB65-16F4-4DA8-8E23-3ECB2D33372A}.Release|x86.ActiveCfg = Release|x86
		{FDECBB65-16F4-4DA8-8E23-3ECB2D33372A}.Release|x86.Build.0 = Release|x86
	EndGlobalSection
	GlobalSection(SolutionProperties) = preSolution
		HideSolutionNode = FALSE
	EndGlobalSection
	GlobalSection(ExtensibilityGlobals) = postSolution
		SolutionGuid = {A6B1BB91-29CD-4304-86E6-8DE47072B3B5}
	EndGlobalSection
EndGlobal
